{
  "name": "SEParcel",
  "version": "1.0.0",
  "lockfileVersion": 1,
  "requires": true,
  "dependencies": {
    "base64-lex": {
      "version": "1.0.0",
      "resolved": "https://registry.npmjs.org/base64-lex/-/base64-lex-1.0.0.tgz",
      "integrity": "sha1-hkJcYQSXvDW57b/RNo/osgqqM+M="
    },
    "dbid": {
      "version": "1.0.1",
      "resolved": "https://registry.npmjs.org/dbid/-/dbid-1.0.1.tgz",
      "integrity": "sha512-+BEqqg9AQ+pJmnWb2Wuaho0a/thVC3eu2DJrGgIlkCKH3SSXVdOX9h4hcWEhfcPi6cftRBAwk0WmT/q5EO4yrQ==",
      "requires": {
        "base64-lex": "^1.0.0",
        "node-machine-id": "^1.1.10"
      }
    },
    "idb": {
      "version": "4.0.5",
      "resolved": "https://registry.npmjs.org/idb/-/idb-4.0.5.tgz",
      "integrity": "sha512-P+Fk9HT2h1DhXoE1YNK183SY+CRh2GHNh28de94sGwhe0bUA75JJeVJWt3SenE5p0BXK7maflIq29dl6UZHrFw=="
    },
    "node-machine-id": {
      "version": "1.1.12",
      "resolved": "https://registry.npmjs.org/node-machine-id/-/node-machine-id-1.1.12.tgz",
      "integrity": "sha512-QNABxbrPa3qEIfrE6GOJ7BYIuignnJw7iQ2YPbc3Nla1HzRJjXzZOiikfF8m7eAMfichLt3M4VgLOetqgDmgGQ=="
    },
    "typescript": {
      "version": "3.8.3",
      "resolved": "https://registry.npmjs.org/typescript/-/typescript-3.8.3.tgz",
      "integrity": "sha512-MYlEfn5VrLNsgudQTVJeNaQFUAI7DkhnOjdpAp4T+ku1TfQClewlbSuTVHiA+8skNBgaf02TL/kLOvig4y3G8w==",
      "dev": true
    }
  }
}
